
Microsoft Visual Studio Solution File, Format Version 12.00
# Visual Studio Version 17
VisualStudioVersion = 17.11.35208.52
MinimumVisualStudioVersion = 10.0.40219.1
Project("{9A19103F-16F7-4668-BE54-9A1E7A4F7556}") = "YouScanDashboard.Server", "YouScanDashboard.Server\YouScanDashboard.Server.csproj", "{8268AE7D-9E50-42FB-A0A3-BD609D358760}"
EndProject
Project("{54A90642-561A-4BB1-A94E-469ADEE60C69}") = "youscandashboard.client", "youscandashboard.client\youscandashboard.client.esproj", "{83BB7B3B-DB56-4537-A376-298217FB3D5A}"
EndProject
Project("{FAE04EC0-301F-11D3-BF4B-00C04F79EFBC}") = "YouScanDashboard.Server.Tests", "YouScanDashboard.Server.Tests\YouScanDashboard.Server.Tests.csproj", "{FA71E471-1C1B-4EF2-A45C-C559D1FB9100}"
EndProject
Global
	GlobalSection(SolutionConfigurationPlatforms) = preSolution
		Debug|Any CPU = Debug|Any CPU
		Release|Any CPU = Release|Any CPU
	EndGlobalSection
	GlobalSection(ProjectConfigurationPlatforms) = postSolution
		{8268AE7D-9E50-42FB-A0A3-BD609D358760}.Debug|Any CPU.ActiveCfg = Debug|Any CPU
		{8268AE7D-9E50-42FB-A0A3-BD609D358760}.Debug|Any CPU.Build.0 = Debug|Any CPU
		{8268AE7D-9E50-42FB-A0A3-BD609D358760}.Release|Any CPU.ActiveCfg = Release|Any CPU
		{8268AE7D-9E50-42FB-A0A3-BD609D358760}.Release|Any CPU.Build.0 = Release|Any CPU
		{83BB7B3B-DB56-4537-A376-298217FB3D5A}.Debug|Any CPU.ActiveCfg = Debug|Any CPU
		{83BB7B3B-DB56-4537-A376-298217FB3D5A}.Debug|Any CPU.Build.0 = Debug|Any CPU
		{83BB7B3B-DB56-4537-A376-298217FB3D5A}.Debug|Any CPU.Deploy.0 = Debug|Any CPU
		{83BB7B3B-DB56-4537-A376-298217FB3D5A}.Release|Any CPU.ActiveCfg = Release|Any CPU
		{83BB7B3B-DB56-4537-A376-298217FB3D5A}.Release|Any CPU.Build.0 = Release|Any CPU
		{83BB7B3B-DB56-4537-A376-298217FB3D5A}.Release|Any CPU.Deploy.0 = Release|Any CPU
		{FA71E471-1C1B-4EF2-A45C-C559D1FB9100}.Debug|Any CPU.ActiveCfg = Debug|Any CPU
		{FA71E471-1C1B-4EF2-A45C-C559D1FB9100}.Debug|Any CPU.Build.0 = Debug|Any CPU
		{FA71E471-1C1B-4EF2-A45C-C559D1FB9100}.Release|Any CPU.ActiveCfg = Release|Any CPU
		{FA71E471-1C1B-4EF2-A45C-C559D1FB9100}.Release|Any CPU.Build.0 = Release|Any CPU
	EndGlobalSection
	GlobalSection(SolutionProperties) = preSolution
		HideSolutionNode = FALSE
	EndGlobalSection
	GlobalSection(ExtensibilityGlobals) = postSolution
		SolutionGuid = {B1AD1B26-460A-4016-8898-69FC5963B835}
	EndGlobalSection
EndGlobal
